{
    "_readme": [
        "This file locks the dependencies of your project to a known state",
        "Read more about it at https://getcomposer.org/doc/01-basic-usage.md#installing-dependencies",
        "This file is @generated automatically"
    ],
    "content-hash": "77c84bbb3cea3edf3184925905893d84",
    "packages": [
        {
            "name": "google/common-protos",
            "version": "4.8.3",
            "source": {
                "type": "git",
                "url": "https://github.com/googleapis/common-protos-php.git",
                "reference": "38a9a8bb459fa618da797d25d7bf36bb21d1103d"
            },
            "dist": {
                "type": "zip",
                "url": "https://api.github.com/repos/googleapis/common-protos-php/zipball/38a9a8bb459fa618da797d25d7bf36bb21d1103d",
                "reference": "38a9a8bb459fa618da797d25d7bf36bb21d1103d",
                "shasum": ""
            },
            "require": {
                "google/protobuf": "^v3.25.3||^4.26.1",
                "php": "^8.0"
            },
            "require-dev": {
                "phpunit/phpunit": "^9.6"
            },
            "type": "library",
            "extra": {
                "component": {
                    "id": "common-protos",
                    "path": "CommonProtos",
                    "entry": "README.md",
                    "target": "googleapis/common-protos-php.git"
                }
            },
            "autoload": {
                "psr-4": {
                    "Google\\Api\\": "src/Api",
                    "Google\\Iam\\": "src/Iam",
                    "Google\\Rpc\\": "src/Rpc",
                    "Google\\Type\\": "src/Type",
                    "Google\\Cloud\\": "src/Cloud",
                    "GPBMetadata\\Google\\Api\\": "metadata/Api",
                    "GPBMetadata\\Google\\Iam\\": "metadata/Iam",
                    "GPBMetadata\\Google\\Rpc\\": "metadata/Rpc",
                    "GPBMetadata\\Google\\Type\\": "metadata/Type",
                    "GPBMetadata\\Google\\Cloud\\": "metadata/Cloud",
                    "GPBMetadata\\Google\\Logging\\": "metadata/Logging"
                }
            },
            "notification-url": "https://packagist.org/downloads/",
            "license": [
                "Apache-2.0"
            ],
            "description": "Google API Common Protos for PHP",
            "homepage": "https://github.com/googleapis/common-protos-php",
            "keywords": [
                "google"
            ],
            "support": {
                "source": "https://github.com/googleapis/common-protos-php/tree/v4.8.3"
            },
            "time": "2024-09-07T01:37:15+00:00"
        },
        {
            "name": "google/protobuf",
            "version": "v4.29.2",
            "source": {
                "type": "git",
                "url": "https://github.com/protocolbuffers/protobuf-php.git",
                "reference": "79aa5014efeeec3d137df5cdb0ae2fc163953945"
            },
            "dist": {
                "type": "zip",
                "url": "https://api.github.com/repos/protocolbuffers/protobuf-php/zipball/79aa5014efeeec3d137df5cdb0ae2fc163953945",
                "reference": "79aa5014efeeec3d137df5cdb0ae2fc163953945",
                "shasum": ""
            },
            "require": {
                "php": ">=7.0.0"
            },
            "require-dev": {
                "phpunit/phpunit": ">=5.0.0"
            },
            "suggest": {
                "ext-bcmath": "Need to support JSON deserialization"
            },
            "type": "library",
            "autoload": {
                "psr-4": {
                    "Google\\Protobuf\\": "src/Google/Protobuf",
                    "GPBMetadata\\Google\\Protobuf\\": "src/GPBMetadata/Google/Protobuf"
                }
            },
            "notification-url": "https://packagist.org/downloads/",
            "license": [
                "BSD-3-Clause"
            ],
            "description": "proto library for PHP",
            "homepage": "https://developers.google.com/protocol-buffers/",
            "keywords": [
                "proto"
            ],
            "support": {
                "source": "https://github.com/protocolbuffers/protobuf-php/tree/v4.29.2"
            },
            "time": "2024-12-18T14:11:12+00:00"
        },
        {
            "name": "grpc/grpc",
            "version": "1.57.0",
            "source": {
                "type": "git",
                "url": "https://github.com/grpc/grpc-php.git",
                "reference": "b610c42022ed3a22f831439cb93802f2a4502fdf"
            },
            "dist": {
                "type": "zip",
                "url": "https://api.github.com/repos/grpc/grpc-php/zipball/b610c42022ed3a22f831439cb93802f2a4502fdf",
                "reference": "b610c42022ed3a22f831439cb93802f2a4502fdf",
                "shasum": ""
            },
            "require": {
                "php": ">=7.0.0"
            },
            "require-dev": {
                "google/auth": "^v1.3.0"
            },
            "suggest": {
                "ext-protobuf": "For better performance, install the protobuf C extension.",
                "google/protobuf": "To get started using grpc quickly, install the native protobuf library."
            },
            "type": "library",
            "autoload": {
                "psr-4": {
                    "Grpc\\": "src/lib/"
                }
            },
            "notification-url": "https://packagist.org/downloads/",
            "license": [
                "Apache-2.0"
            ],
            "description": "gRPC library for PHP",
            "homepage": "https://grpc.io",
            "keywords": [
                "rpc"
            ],
            "support": {
                "source": "https://github.com/grpc/grpc-php/tree/v1.57.0"
            },
            "time": "2023-08-14T23:57:54+00:00"
        }
    ],
    "packages-dev": [
        {
            "name": "squizlabs/php_codesniffer",
            "version": "3.11.2",
            "source": {
                "type": "git",
                "url": "https://github.com/PHPCSStandards/PHP_CodeSniffer.git",
                "reference": "1368f4a58c3c52114b86b1abe8f4098869cb0079"
            },
            "dist": {
                "type": "zip",
                "url": "https://api.github.com/repos/PHPCSStandards/PHP_CodeSniffer/zipball/1368f4a58c3c52114b86b1abe8f4098869cb0079",
                "reference": "1368f4a58c3c52114b86b1abe8f4098869cb0079",
                "shasum": ""
            },
            "require": {
                "ext-simplexml": "*",
                "ext-tokenizer": "*",
                "ext-xmlwriter": "*",
                "php": ">=5.4.0"
            },
            "require-dev": {
                "phpunit/phpunit": "^4.0 || ^5.0 || ^6.0 || ^7.0 || ^8.0 || ^9.3.4"
            },
            "bin": [
                "bin/phpcbf",
                "bin/phpcs"
            ],
            "type": "library",
            "extra": {
                "branch-alias": {
                    "dev-master": "3.x-dev"
                }
            },
            "notification-url": "https://packagist.org/downloads/",
            "license": [
                "BSD-3-Clause"
            ],
            "authors": [
                {
                    "name": "Greg Sherwood",
                    "role": "Former lead"
                },
                {
                    "name": "Juliette Reinders Folmer",
                    "role": "Current lead"
                },
                {
                    "name": "Contributors",
                    "homepage": "https://github.com/PHPCSStandards/PHP_CodeSniffer/graphs/contributors"
                }
            ],
            "description": "PHP_CodeSniffer tokenizes PHP, JavaScript and CSS files and detects violations of a defined set of coding standards.",
            "homepage": "https://github.com/PHPCSStandards/PHP_CodeSniffer",
            "keywords": [
                "phpcs",
                "standards",
                "static analysis"
            ],
            "support": {
                "issues": "https://github.com/PHPCSStandards/PHP_CodeSniffer/issues",
                "security": "https://github.com/PHPCSStandards/PHP_CodeSniffer/security/policy",
                "source": "https://github.com/PHPCSStandards/PHP_CodeSniffer",
                "wiki": "https://github.com/PHPCSStandards/PHP_CodeSniffer/wiki"
            },
            "funding": [
                {
                    "url": "https://github.com/PHPCSStandards",
                    "type": "github"
                },
                {
                    "url": "https://github.com/jrfnl",
                    "type": "github"
                },
                {
                    "url": "https://opencollective.com/php_codesniffer",
                    "type": "open_collective"
                }
            ],
            "time": "2024-12-11T16:04:26+00:00"
        }
    ],
    "aliases": [],
    "minimum-stability": "stable",
    "stability-flags": {},
    "prefer-stable": false,
    "prefer-lowest": false,
    "platform": {
        "php": "^8.3",
        "ext-grpc": "^1.66"
    },
    "platform-dev": {},
    "plugin-api-version": "2.6.0"
}
